
Microsoft Visual Studio Solution File, Format Version 12.00
# Visual Studio Version 17
VisualStudioVersion = 17.8.34330.188
MinimumVisualStudioVersion = 10.0.40219.1
Project("{FAE04EC0-301F-11D3-BF4B-00C04F79EFBC}") = "SecondWebAPI", "SecondWebAPI.csproj", "{7DA7D025-EE0C-40CB-BA50-87EC39F435C0}"
EndProject
Global
	GlobalSection(SolutionConfigurationPlatforms) = preSolution
		Debug|Any CPU = Debug|Any CPU
		Release|Any CPU = Release|Any CPU
	EndGlobalSection
	GlobalSection(ProjectConfigurationPlatforms) = postSolution
		{7DA7D025-EE0C-40CB-BA50-87EC39F435C0}.Debug|Any CPU.ActiveCfg = Debug|Any CPU
		{7DA7D025-EE0C-40CB-BA50-87EC39F435C0}.Debug|Any CPU.Build.0 = Debug|Any CPU
		{7DA7D025-EE0C-40CB-BA50-87EC39F435C0}.Release|Any CPU.ActiveCfg = Release|Any CPU
		{7DA7D025-EE0C-40CB-BA50-87EC39F435C0}.Release|Any CPU.Build.0 = Release|Any CPU
	EndGlobalSection
	GlobalSection(SolutionProperties) = preSolution
		HideSolutionNode = FALSE
	EndGlobalSection
	GlobalSection(ExtensibilityGlobals) = postSolution
		SolutionGuid = {1CBB0F83-4151-4A59-923D-17650DE9A890}
	EndGlobalSection
EndGlobal
